// !$*UTF8*$!
{
	archiveVersion = 1;
	classes = {
	};
	objectVersion = 46;
	objects = {

/* Begin PBXBuildFile section */
		074740B718A1436D0060A1F6 /* Foundation.framework in Frameworks */ = {isa = PBXBuildFile; fileRef = 074740B618A1436D0060A1F6 /* Foundation.framework */; };
		074740B918A1436D0060A1F6 /* CoreGraphics.framework in Frameworks */ = {isa = PBXBuildFile; fileRef = 074740B818A1436D0060A1F6 /* CoreGraphics.framework */; };
		074740BB18A1436D0060A1F6 /* UIKit.framework in Frameworks */ = {isa = PBXBuildFile; fileRef = 074740BA18A1436D0060A1F6 /* UIKit.framework */; };
		074740C118A1436D0060A1F6 /* InfoPlist.strings in Resources */ = {isa = PBXBuildFile; fileRef = 074740BF18A1436D0060A1F6 /* InfoPlist.strings */; };
		074740C318A1436D0060A1F6 /* main.m in Sources */ = {isa = PBXBuildFile; fileRef = 074740C218A1436D0060A1F6 /* main.m */; };
		074740C718A1436D0060A1F6 /* THAppDelegate.m in Sources */ = {isa = PBXBuildFile; fileRef = 074740C618A1436D0060A1F6 /* THAppDelegate.m */; };
		074740CA18A1436D0060A1F6 /* Main.storyboard in Resources */ = {isa = PBXBuildFile; fileRef = 074740C818A1436D0060A1F6 /* Main.storyboard */; };
		074740CF18A1436D0060A1F6 /* Images.xcassets in Resources */ = {isa = PBXBuildFile; fileRef = 074740CE18A1436D0060A1F6 /* Images.xcassets */; };
		C4B6D01C18A355DE00DCC62D /* THPreviewView.m in Sources */ = {isa = PBXBuildFile; fileRef = C4B6D01518A355DE00DCC62D /* THPreviewView.m */; };
		C4B6D01D18A355DE00DCC62D /* THCameraView.m in Sources */ = {isa = PBXBuildFile; fileRef = C4B6D01718A355DE00DCC62D /* THCameraView.m */; };
		C4B6D02618A3561700DCC62D /* THViewController.m in Sources */ = {isa = PBXBuildFile; fileRef = C4B6D02018A3561700DCC62D /* THViewController.m */; };
		C4B6D02718A3561700DCC62D /* THCameraController.m in Sources */ = {isa = PBXBuildFile; fileRef = C4B6D02218A3561700DCC62D /* THCameraController.m */; };
		C4B6D02818A3561700DCC62D /* THBaseCameraController.m in Sources */ = {isa = PBXBuildFile; fileRef = C4B6D02418A3561700DCC62D /* THBaseCameraController.m */; };
		C4B6D02F18A3563500DCC62D /* NSFileManager+THAdditions.m in Sources */ = {isa = PBXBuildFile; fileRef = C4B6D02A18A3563500DCC62D /* NSFileManager+THAdditions.m */; };
		C4B6D03418A3564000DCC62D /* THAssetsLibrary.m in Sources */ = {isa = PBXBuildFile; fileRef = C4B6D03318A3564000DCC62D /* THAssetsLibrary.m */; };
/* End PBXBuildFile section */

/* Begin PBXFileReference section */
		074740B318A1436D0060A1F6 /* FaceKamera.app */ = {isa = PBXFileReference; explicitFileType = wrapper.application; includeInIndex = 0; path = FaceKamera.app; sourceTree = BUILT_PRODUCTS_DIR; };
		074740B618A1436D0060A1F6 /* Foundation.framework */ = {isa = PBXFileReference; lastKnownFileType = wrapper.framework; name = Foundation.framework; path = System/Library/Frameworks/Foundation.framework; sourceTree = SDKROOT; };
		074740B818A1436D0060A1F6 /* CoreGraphics.framework */ = {isa = PBXFileReference; lastKnownFileType = wrapper.framework; name = CoreGraphics.framework; path = System/Library/Frameworks/CoreGraphics.framework; sourceTree = SDKROOT; };
		074740BA18A1436D0060A1F6 /* UIKit.framework */ = {isa = PBXFileReference; lastKnownFileType = wrapper.framework; name = UIKit.framework; path = System/Library/Frameworks/UIKit.framework; sourceTree = SDKROOT; };
		074740BE18A1436D0060A1F6 /* FaceKamera-Info.plist */ = {isa = PBXFileReference; lastKnownFileType = text.plist.xml; path = "FaceKamera-Info.plist"; sourceTree = "<group>"; };
		074740C018A1436D0060A1F6 /* en */ = {isa = PBXFileReference; lastKnownFileType = text.plist.strings; name = en; path = en.lproj/InfoPlist.strings; sourceTree = "<group>"; };
		074740C218A1436D0060A1F6 /* main.m */ = {isa = PBXFileReference; lastKnownFileType = sourcecode.c.objc; path = main.m; sourceTree = "<group>"; };
		074740C418A1436D0060A1F6 /* FaceKamera-Prefix.pch */ = {isa = PBXFileReference; lastKnownFileType = sourcecode.c.h; path = "FaceKamera-Prefix.pch"; sourceTree = "<group>"; };
		074740C518A1436D0060A1F6 /* THAppDelegate.h */ = {isa = PBXFileReference; lastKnownFileType = sourcecode.c.h; path = THAppDelegate.h; sourceTree = "<group>"; };
		074740C618A1436D0060A1F6 /* THAppDelegate.m */ = {isa = PBXFileReference; lastKnownFileType = sourcecode.c.objc; path = THAppDelegate.m; sourceTree = "<group>"; };
		074740C918A1436D0060A1F6 /* Base */ = {isa = PBXFileReference; lastKnownFileType = file.storyboard; name = Base; path = Base.lproj/Main.storyboard; sourceTree = "<group>"; };
		074740CE18A1436D0060A1F6 /* Images.xcassets */ = {isa = PBXFileReference; lastKnownFileType = folder.assetcatalog; path = Images.xcassets; sourceTree = "<group>"; };
		074740D518A1436D0060A1F6 /* XCTest.framework */ = {isa = PBXFileReference; lastKnownFileType = wrapper.framework; name = XCTest.framework; path = Library/Frameworks/XCTest.framework; sourceTree = DEVELOPER_DIR; };
		C4B6D01418A355DE00DCC62D /* THPreviewView.h */ = {isa = PBXFileReference; fileEncoding = 4; lastKnownFileType = sourcecode.c.h; path = THPreviewView.h; sourceTree = "<group>"; };
		C4B6D01518A355DE00DCC62D /* THPreviewView.m */ = {isa = PBXFileReference; fileEncoding = 4; lastKnownFileType = sourcecode.c.objc; path = THPreviewView.m; sourceTree = "<group>"; };
		C4B6D01618A355DE00DCC62D /* THCameraView.h */ = {isa = PBXFileReference; fileEncoding = 4; lastKnownFileType = sourcecode.c.h; path = THCameraView.h; sourceTree = "<group>"; };
		C4B6D01718A355DE00DCC62D /* THCameraView.m */ = {isa = PBXFileReference; fileEncoding = 4; lastKnownFileType = sourcecode.c.objc; path = THCameraView.m; sourceTree = "<group>"; };
		C4B6D01F18A3561700DCC62D /* THViewController.h */ = {isa = PBXFileReference; fileEncoding = 4; lastKnownFileType = sourcecode.c.h; path = THViewController.h; sourceTree = "<group>"; };
		C4B6D02018A3561700DCC62D /* THViewController.m */ = {isa = PBXFileReference; fileEncoding = 4; lastKnownFileType = sourcecode.c.objc; path = THViewController.m; sourceTree = "<group>"; };
		C4B6D02118A3561700DCC62D /* THCameraController.h */ = {isa = PBXFileReference; fileEncoding = 4; lastKnownFileType = sourcecode.c.h; path = THCameraController.h; sourceTree = "<group>"; };
		C4B6D02218A3561700DCC62D /* THCameraController.m */ = {isa = PBXFileReference; fileEncoding = 4; lastKnownFileType = sourcecode.c.objc; path = THCameraController.m; sourceTree = "<group>"; };
		C4B6D02318A3561700DCC62D /* THBaseCameraController.h */ = {isa = PBXFileReference; fileEncoding = 4; lastKnownFileType = sourcecode.c.h; path = THBaseCameraController.h; sourceTree = "<group>"; };
		C4B6D02418A3561700DCC62D /* THBaseCameraController.m */ = {isa = PBXFileReference; fileEncoding = 4; lastKnownFileType = sourcecode.c.objc; path = THBaseCameraController.m; sourceTree = "<group>"; };
		C4B6D02518A3561700DCC62D /* THCameraControllerDelegate.h */ = {isa = PBXFileReference; fileEncoding = 4; lastKnownFileType = sourcecode.c.h; path = THCameraControllerDelegate.h; sourceTree = "<group>"; };
		C4B6D02918A3563500DCC62D /* NSFileManager+THAdditions.h */ = {isa = PBXFileReference; fileEncoding = 4; lastKnownFileType = sourcecode.c.h; path = "NSFileManager+THAdditions.h"; sourceTree = "<group>"; };
		C4B6D02A18A3563500DCC62D /* NSFileManager+THAdditions.m */ = {isa = PBXFileReference; fileEncoding = 4; lastKnownFileType = sourcecode.c.objc; path = "NSFileManager+THAdditions.m"; sourceTree = "<group>"; };
		C4B6D03218A3564000DCC62D /* THAssetsLibrary.h */ = {isa = PBXFileReference; fileEncoding = 4; lastKnownFileType = sourcecode.c.h; path = THAssetsLibrary.h; sourceTree = "<group>"; };
		C4B6D03318A3564000DCC62D /* THAssetsLibrary.m */ = {isa = PBXFileReference; fileEncoding = 4; lastKnownFileType = sourcecode.c.objc; path = THAssetsLibrary.m; sourceTree = "<group>"; };
		C4B6D03518A3610500DCC62D /* THFaceDetectionDelegate.h */ = {isa = PBXFileReference; lastKnownFileType = sourcecode.c.h; path = THFaceDetectionDelegate.h; sourceTree = "<group>"; };
/* End PBXFileReference section */

/* Begin PBXFrameworksBuildPhase section */
		074740B018A1436D0060A1F6 /* Frameworks */ = {
			isa = PBXFrameworksBuildPhase;
			buildActionMask = 2147483647;
			files = (
				074740B918A1436D0060A1F6 /* CoreGraphics.framework in Frameworks */,
				074740BB18A1436D0060A1F6 /* UIKit.framework in Frameworks */,
				074740B718A1436D0060A1F6 /* Foundation.framework in Frameworks */,
			);
			runOnlyForDeploymentPostprocessing = 0;
		};
/* End PBXFrameworksBuildPhase section */

/* Begin PBXGroup section */
		074740AA18A1436D0060A1F6 = {
			isa = PBXGroup;
			children = (
				074740BC18A1436D0060A1F6 /* FaceKamera */,
				074740B518A1436D0060A1F6 /* Frameworks */,
				074740B418A1436D0060A1F6 /* Products */,
			);
			sourceTree = "<group>";
		};
		074740B418A1436D0060A1F6 /* Products */ = {
			isa = PBXGroup;
			children = (
				074740B318A1436D0060A1F6 /* FaceKamera.app */,
			);
			name = Products;
			sourceTree = "<group>";
		};
		074740B518A1436D0060A1F6 /* Frameworks */ = {
			isa = PBXGroup;
			children = (
				074740B618A1436D0060A1F6 /* Foundation.framework */,
				074740B818A1436D0060A1F6 /* CoreGraphics.framework */,
				074740BA18A1436D0060A1F6 /* UIKit.framework */,
				074740D518A1436D0060A1F6 /* XCTest.framework */,
			);
			name = Frameworks;
			sourceTree = "<group>";
		};
		074740BC18A1436D0060A1F6 /* FaceKamera */ = {
			isa = PBXGroup;
			children = (
				C4B6D00F18A355CD00DCC62D /* Views */,
				C4B6D00E18A355C200DCC62D /* Controllers */,
				C4B6D00D18A355BC00DCC62D /* Categories */,
				C4B6D00C18A355B600DCC62D /* Models */,
				074740C518A1436D0060A1F6 /* THAppDelegate.h */,
				074740C618A1436D0060A1F6 /* THAppDelegate.m */,
				074740C818A1436D0060A1F6 /* Main.storyboard */,
				074740CE18A1436D0060A1F6 /* Images.xcassets */,
				074740BD18A1436D0060A1F6 /* Supporting Files */,
			);
			path = FaceKamera;
			sourceTree = "<group>";
		};
		074740BD18A1436D0060A1F6 /* Supporting Files */ = {
			isa = PBXGroup;
			children = (
				074740BE18A1436D0060A1F6 /* FaceKamera-Info.plist */,
				074740BF18A1436D0060A1F6 /* InfoPlist.strings */,
				074740C218A1436D0060A1F6 /* main.m */,
				074740C418A1436D0060A1F6 /* FaceKamera-Prefix.pch */,
			);
			name = "Supporting Files";
			sourceTree = "<group>";
		};
		C4B6D00C18A355B600DCC62D /* Models */ = {
			isa = PBXGroup;
			children = (
				C4B6D03218A3564000DCC62D /* THAssetsLibrary.h */,
				C4B6D03318A3564000DCC62D /* THAssetsLibrary.m */,
			);
			name = Models;
			sourceTree = "<group>";
		};
		C4B6D00D18A355BC00DCC62D /* Categories */ = {
			isa = PBXGroup;
			children = (
				C4B6D02918A3563500DCC62D /* NSFileManager+THAdditions.h */,
				C4B6D02A18A3563500DCC62D /* NSFileManager+THAdditions.m */,
			);
			name = Categories;
			sourceTree = "<group>";
		};
		C4B6D00E18A355C200DCC62D /* Controllers */ = {
			isa = PBXGroup;
			children = (
				C4B6D01F18A3561700DCC62D /* THViewController.h */,
				C4B6D02018A3561700DCC62D /* THViewController.m */,
				C4B6D02118A3561700DCC62D /* THCameraController.h */,
				C4B6D02218A3561700DCC62D /* THCameraController.m */,
				C4B6D02318A3561700DCC62D /* THBaseCameraController.h */,
				C4B6D02418A3561700DCC62D /* THBaseCameraController.m */,
				C4B6D02518A3561700DCC62D /* THCameraControllerDelegate.h */,
				C4B6D03518A3610500DCC62D /* THFaceDetectionDelegate.h */,
			);
			name = Controllers;
			sourceTree = "<group>";
		};
		C4B6D00F18A355CD00DCC62D /* Views */ = {
			isa = PBXGroup;
			children = (
				C4B6D01418A355DE00DCC62D /* THPreviewView.h */,
				C4B6D01518A355DE00DCC62D /* THPreviewView.m */,
				C4B6D01618A355DE00DCC62D /* THCameraView.h */,
				C4B6D01718A355DE00DCC62D /* THCameraView.m */,
			);
			name = Views;
			sourceTree = "<group>";
		};
/* End PBXGroup section */

/* Begin PBXNativeTarget section */
		074740B218A1436D0060A1F6 /* FaceKamera */ = {
			isa = PBXNativeTarget;
			buildConfigurationList = 074740E518A1436D0060A1F6 /* Build configuration list for PBXNativeTarget "FaceKamera" */;
			buildPhases = (
				074740AF18A1436D0060A1F6 /* Sources */,
				074740B018A1436D0060A1F6 /* Frameworks */,
				074740B118A1436D0060A1F6 /* Resources */,
			);
			buildRules = (
			);
			dependencies = (
			);
			name = FaceKamera;
			productName = FaceKamera;
			productReference = 074740B318A1436D0060A1F6 /* FaceKamera.app */;
			productType = "com.apple.product-type.application";
		};
/* End PBXNativeTarget section */

/* Begin PBXProject section */
		074740AB18A1436D0060A1F6 /* Project object */ = {
			isa = PBXProject;
			attributes = {
				CLASSPREFIX = TH;
				LastUpgradeCheck = 0700;
				ORGANIZATIONNAME = "TapHarmonic, LLC";
			};
			buildConfigurationList = 074740AE18A1436D0060A1F6 /* Build configuration list for PBXProject "FaceKamera" */;
			compatibilityVersion = "Xcode 3.2";
			developmentRegion = English;
			hasScannedForEncodings = 0;
			knownRegions = (
				en,
				Base,
			);
			mainGroup = 074740AA18A1436D0060A1F6;
			productRefGroup = 074740B418A1436D0060A1F6 /* Products */;
			projectDirPath = "";
			projectRoot = "";
			targets = (
				074740B218A1436D0060A1F6 /* FaceKamera */,
			);
		};
/* End PBXProject section */

/* Begin PBXResourcesBuildPhase section */
		074740B118A1436D0060A1F6 /* Resources */ = {
			isa = PBXResourcesBuildPhase;
			buildActionMask = 2147483647;
			files = (
				074740CF18A1436D0060A1F6 /* Images.xcassets in Resources */,
				074740C118A1436D0060A1F6 /* InfoPlist.strings in Resources */,
				074740CA18A1436D0060A1F6 /* Main.storyboard in Resources */,
			);
			runOnlyForDeploymentPostprocessing = 0;
		};
/* End PBXResourcesBuildPhase section */

/* Begin PBXSourcesBuildPhase section */
		074740AF18A1436D0060A1F6 /* Sources */ = {
			isa = PBXSourcesBuildPhase;
			buildActionMask = 2147483647;
			files = (
				C4B6D02718A3561700DCC62D /* THCameraController.m in Sources */,
				C4B6D02818A3561700DCC62D /* THBaseCameraController.m in Sources */,
				C4B6D01C18A355DE00DCC62D /* THPreviewView.m in Sources */,
				C4B6D03418A3564000DCC62D /* THAssetsLibrary.m in Sources */,
				074740C718A1436D0060A1F6 /* THAppDelegate.m in Sources */,
				C4B6D02618A3561700DCC62D /* THViewController.m in Sources */,
				C4B6D01D18A355DE00DCC62D /* THCameraView.m in Sources */,
				C4B6D02F18A3563500DCC62D /* NSFileManager+THAdditions.m in Sources */,
				074740C318A1436D0060A1F6 /* main.m in Sources */,
			);
			runOnlyForDeploymentPostprocessing = 0;
		};
/* End PBXSourcesBuildPhase section */

/* Begin PBXVariantGroup section */
		074740BF18A1436D0060A1F6 /* InfoPlist.strings */ = {
			isa = PBXVariantGroup;
			children = (
				074740C018A1436D0060A1F6 /* en */,
			);
			name = InfoPlist.strings;
			sourceTree = "<group>";
		};
		074740C818A1436D0060A1F6 /* Main.storyboard */ = {
			isa = PBXVariantGroup;
			children = (
				074740C918A1436D0060A1F6 /* Base */,
			);
			name = Main.storyboard;
			sourceTree = "<group>";
		};
/* End PBXVariantGroup section */

/* Begin XCBuildConfiguration section */
		074740E318A1436D0060A1F6 /* Debug */ = {
			isa = XCBuildConfiguration;
			buildSettings = {
				ALWAYS_SEARCH_USER_PATHS = NO;
				CLANG_CXX_LANGUAGE_STANDARD = "gnu++0x";
				CLANG_CXX_LIBRARY = "libc++";
				CLANG_ENABLE_MODULES = YES;
				CLANG_ENABLE_OBJC_ARC = YES;
				CLANG_WARN_BOOL_CONVERSION = YES;
				CLANG_WARN_CONSTANT_CONVERSION = YES;
				CLANG_WARN_DIRECT_OBJC_ISA_USAGE = YES_ERROR;
				CLANG_WARN_EMPTY_BODY = YES;
				CLANG_WARN_ENUM_CONVERSION = YES;
				CLANG_WARN_INT_CONVERSION = YES;
				CLANG_WARN_OBJC_ROOT_CLASS = YES_ERROR;
				CLANG_WARN__DUPLICATE_METHOD_MATCH = YES;
				"CODE_SIGN_IDENTITY[sdk=iphoneos*]" = "iPhone Developer";
				COPY_PHASE_STRIP = NO;
				ENABLE_TESTABILITY = YES;
				GCC_C_LANGUAGE_STANDARD = gnu99;
				GCC_DYNAMIC_NO_PIC = NO;
				GCC_OPTIMIZATION_LEVEL = 0;
				GCC_PREPROCESSOR_DEFINITIONS = (
					"DEBUG=1",
					"$(inherited)",
				);
				GCC_SYMBOLS_PRIVATE_EXTERN = NO;
				GCC_WARN_64_TO_32_BIT_CONVERSION = YES;
				GCC_WARN_ABOUT_RETURN_TYPE = YES_ERROR;
				GCC_WARN_UNDECLARED_SELECTOR = YES;
				GCC_WARN_UNINITIALIZED_AUTOS = YES;
				GCC_WARN_UNUSED_FUNCTION = YES;
				GCC_WARN_UNUSED_VARIABLE = YES;
				IPHONEOS_DEPLOYMENT_TARGET = 7.0;
				ONLY_ACTIVE_ARCH = YES;
				SDKROOT = iphoneos;
			};
			name = Debug;
		};
		074740E418A1436D0060A1F6 /* Release */ = {
			isa = XCBuildConfiguration;
			buildSettings = {
				ALWAYS_SEARCH_USER_PATHS = NO;
				CLANG_CXX_LANGUAGE_STANDARD = "gnu++0x";
				CLANG_CXX_LIBRARY = "libc++";
				CLANG_ENABLE_MODULES = YES;
				CLANG_ENABLE_OBJC_ARC = YES;
				CLANG_WARN_BOOL_CONVERSION = YES;
				CLANG_WARN_CONSTANT_CONVERSION = YES;
				CLANG_WARN_DIRECT_OBJC_ISA_USAGE = YES_ERROR;
				CLANG_WARN_EMPTY_BODY = YES;
				CLANG_WARN_ENUM_CONVERSION = YES;
				CLANG_WARN_INT_CONVERSION = YES;
				CLANG_WARN_OBJC_ROOT_CLASS = YES_ERROR;
				CLANG_WARN__DUPLICATE_METHOD_MATCH = YES;
				"CODE_SIGN_IDENTITY[sdk=iphoneos*]" = "iPhone Developer";
				COPY_PHASE_STRIP = YES;
				ENABLE_NS_ASSERTIONS = NO;
				GCC_C_LANGUAGE_STANDARD = gnu99;
				GCC_WARN_64_TO_32_BIT_CONVERSION = YES;
				GCC_WARN_ABOUT_RETURN_TYPE = YES_ERROR;
				GCC_WARN_UNDECLARED_SELECTOR = YES;
				GCC_WARN_UNINITIALIZED_AUTOS = YES;
				GCC_WARN_UNUSED_FUNCTION = YES;
				GCC_WARN_UNUSED_VARIABLE = YES;
				IPHONEOS_DEPLOYMENT_TARGET = 7.0;
				SDKROOT = iphoneos;
				VALIDATE_PRODUCT = YES;
			};
			name = Release;
		};
		074740E618A1436D0060A1F6 /* Debug */ = {
			isa = XCBuildConfiguration;
			buildSettings = {
				ASSETCATALOG_COMPILER_APPICON_NAME = AppIcon;
				ASSETCATALOG_COMPILER_LAUNCHIMAGE_NAME = LaunchImage;
				GCC_PRECOMPILE_PREFIX_HEADER = YES;
				GCC_PREFIX_HEADER = "FaceKamera/FaceKamera-Prefix.pch";
				INFOPLIST_FILE = "FaceKamera/FaceKamera-Info.plist";
				PRODUCT_BUNDLE_IDENTIFIER = "com.tapharmonic.${PRODUCT_NAME:rfc1034identifier}";
				PRODUCT_NAME = "$(TARGET_NAME)";
				WRAPPER_EXTENSION = app;
			};
			name = Debug;
		};
		074740E718A1436D0060A1F6 /* Release */ = {
			isa = XCBuildConfiguration;
			buildSettings = {
				ASSETCATALOG_COMPILER_APPICON_NAME = AppIcon;
				ASSETCATALOG_COMPILER_LAUNCHIMAGE_NAME = LaunchImage;
				GCC_PRECOMPILE_PREFIX_HEADER = YES;
				GCC_PREFIX_HEADER = "FaceKamera/FaceKamera-Prefix.pch";
				INFOPLIST_FILE = "FaceKamera/FaceKamera-Info.plist";
				PRODUCT_BUNDLE_IDENTIFIER = "com.tapharmonic.${PRODUCT_NAME:rfc1034identifier}";
				PRODUCT_NAME = "$(TARGET_NAME)";
				WRAPPER_EXTENSION = app;
			};
			name = Release;
		};
/* End XCBuildConfiguration section */

/* Begin XCConfigurationList section */
		074740AE18A1436D0060A1F6 /* Build configuration list for PBXProject "FaceKamera" */ = {
			isa = XCConfigurationList;
			buildConfigurations = (
				074740E318A1436D0060A1F6 /* Debug */,
				074740E418A1436D0060A1F6 /* Release */,
			);
			defaultConfigurationIsVisible = 0;
			defaultConfigurationName = Release;
		};
		074740E518A1436D0060A1F6 /* Build configuration list for PBXNativeTarget "FaceKamera" */ = {
			isa = XCConfigurationList;
			buildConfigurations = (
				074740E618A1436D0060A1F6 /* Debug */,
				074740E718A1436D0060A1F6 /* Release */,
			);
			defaultConfigurationIsVisible = 0;
			defaultConfigurationName = Release;
		};
/* End XCConfigurationList section */
	};
	rootObject = 074740AB18A1436D0060A1F6 /* Project object */;
}
