// !$*UTF8*$!
{
	archiveVersion = 1;
	classes = {
	};
	objectVersion = 46;
	objects = {

/* Begin PBXBuildFile section */
		C4319E5F1797A24E00041D0D /* THIndicatorLight.m in Sources */ = {isa = PBXBuildFile; fileRef = C4319E5E1797A24E00041D0D /* THIndicatorLight.m */; };
		C4AAD66F178A72BC0088288F /* Foundation.framework in Frameworks */ = {isa = PBXBuildFile; fileRef = C4AAD66E178A72BC0088288F /* Foundation.framework */; };
		C4AAD671178A72BC0088288F /* CoreGraphics.framework in Frameworks */ = {isa = PBXBuildFile; fileRef = C4AAD670178A72BC0088288F /* CoreGraphics.framework */; };
		C4AAD673178A72BC0088288F /* UIKit.framework in Frameworks */ = {isa = PBXBuildFile; fileRef = C4AAD672178A72BC0088288F /* UIKit.framework */; };
		C4AAD679178A72BC0088288F /* InfoPlist.strings in Resources */ = {isa = PBXBuildFile; fileRef = C4AAD677178A72BC0088288F /* InfoPlist.strings */; };
		C4AAD67B178A72BC0088288F /* main.m in Sources */ = {isa = PBXBuildFile; fileRef = C4AAD67A178A72BC0088288F /* main.m */; };
		C4AAD67F178A72BC0088288F /* THAppDelegate.m in Sources */ = {isa = PBXBuildFile; fileRef = C4AAD67E178A72BC0088288F /* THAppDelegate.m */; };
		C4AAD682178A72BC0088288F /* Main.storyboard in Resources */ = {isa = PBXBuildFile; fileRef = C4AAD680178A72BC0088288F /* Main.storyboard */; };
		C4AAD685178A72BC0088288F /* THMainViewController.m in Sources */ = {isa = PBXBuildFile; fileRef = C4AAD684178A72BC0088288F /* THMainViewController.m */; };
		C4AAD687178A72BC0088288F /* Images.xcassets in Resources */ = {isa = PBXBuildFile; fileRef = C4AAD686178A72BC0088288F /* Images.xcassets */; };
		C4AAD6A5178A73370088288F /* THPlayerController.m in Sources */ = {isa = PBXBuildFile; fileRef = C4AAD6A4178A73370088288F /* THPlayerController.m */; };
		C4AAD6AA178A75210088288F /* bass.caf in Resources */ = {isa = PBXBuildFile; fileRef = C4AAD6A7178A75210088288F /* bass.caf */; };
		C4AAD6AB178A75210088288F /* drums.caf in Resources */ = {isa = PBXBuildFile; fileRef = C4AAD6A8178A75210088288F /* drums.caf */; };
		C4AAD6AC178A75210088288F /* guitar.caf in Resources */ = {isa = PBXBuildFile; fileRef = C4AAD6A9178A75210088288F /* guitar.caf */; };
		C4C0319A178B9FFE0024B35A /* THControlKnob.m in Sources */ = {isa = PBXBuildFile; fileRef = C4C03195178B9FFE0024B35A /* THControlKnob.m */; };
		C4C0319C178B9FFE0024B35A /* UIColor+THAdditions.m in Sources */ = {isa = PBXBuildFile; fileRef = C4C03199178B9FFE0024B35A /* UIColor+THAdditions.m */; };
		C4C031A0178BA4430024B35A /* THPlayButton.m in Sources */ = {isa = PBXBuildFile; fileRef = C4C0319F178BA4430024B35A /* THPlayButton.m */; };
/* End PBXBuildFile section */

/* Begin PBXFileReference section */
		C4319E5D1797A24E00041D0D /* THIndicatorLight.h */ = {isa = PBXFileReference; fileEncoding = 4; lastKnownFileType = sourcecode.c.h; path = THIndicatorLight.h; sourceTree = "<group>"; };
		C4319E5E1797A24E00041D0D /* THIndicatorLight.m */ = {isa = PBXFileReference; fileEncoding = 4; lastKnownFileType = sourcecode.c.objc; path = THIndicatorLight.m; sourceTree = "<group>"; };
		C4AAD66B178A72BC0088288F /* AudioLooper.app */ = {isa = PBXFileReference; explicitFileType = wrapper.application; includeInIndex = 0; path = AudioLooper.app; sourceTree = BUILT_PRODUCTS_DIR; };
		C4AAD66E178A72BC0088288F /* Foundation.framework */ = {isa = PBXFileReference; lastKnownFileType = wrapper.framework; name = Foundation.framework; path = System/Library/Frameworks/Foundation.framework; sourceTree = SDKROOT; };
		C4AAD670178A72BC0088288F /* CoreGraphics.framework */ = {isa = PBXFileReference; lastKnownFileType = wrapper.framework; name = CoreGraphics.framework; path = System/Library/Frameworks/CoreGraphics.framework; sourceTree = SDKROOT; };
		C4AAD672178A72BC0088288F /* UIKit.framework */ = {isa = PBXFileReference; lastKnownFileType = wrapper.framework; name = UIKit.framework; path = System/Library/Frameworks/UIKit.framework; sourceTree = SDKROOT; };
		C4AAD676178A72BC0088288F /* AudioLooper-Info.plist */ = {isa = PBXFileReference; lastKnownFileType = text.plist.xml; path = "AudioLooper-Info.plist"; sourceTree = "<group>"; };
		C4AAD678178A72BC0088288F /* en */ = {isa = PBXFileReference; lastKnownFileType = text.plist.strings; name = en; path = en.lproj/InfoPlist.strings; sourceTree = "<group>"; };
		C4AAD67A178A72BC0088288F /* main.m */ = {isa = PBXFileReference; lastKnownFileType = sourcecode.c.objc; path = main.m; sourceTree = "<group>"; };
		C4AAD67C178A72BC0088288F /* AudioLooper-Prefix.pch */ = {isa = PBXFileReference; lastKnownFileType = sourcecode.c.h; path = "AudioLooper-Prefix.pch"; sourceTree = "<group>"; };
		C4AAD67D178A72BC0088288F /* THAppDelegate.h */ = {isa = PBXFileReference; lastKnownFileType = sourcecode.c.h; path = THAppDelegate.h; sourceTree = "<group>"; };
		C4AAD67E178A72BC0088288F /* THAppDelegate.m */ = {isa = PBXFileReference; lastKnownFileType = sourcecode.c.objc; path = THAppDelegate.m; sourceTree = "<group>"; };
		C4AAD681178A72BC0088288F /* Base */ = {isa = PBXFileReference; lastKnownFileType = file.storyboard; name = Base; path = Base.lproj/Main.storyboard; sourceTree = "<group>"; };
		C4AAD683178A72BC0088288F /* THMainViewController.h */ = {isa = PBXFileReference; lastKnownFileType = sourcecode.c.h; path = THMainViewController.h; sourceTree = "<group>"; };
		C4AAD684178A72BC0088288F /* THMainViewController.m */ = {isa = PBXFileReference; lastKnownFileType = sourcecode.c.objc; path = THMainViewController.m; sourceTree = "<group>"; };
		C4AAD686178A72BC0088288F /* Images.xcassets */ = {isa = PBXFileReference; lastKnownFileType = folder.assetcatalog; path = Images.xcassets; sourceTree = "<group>"; };
		C4AAD68D178A72BC0088288F /* XCTest.framework */ = {isa = PBXFileReference; lastKnownFileType = wrapper.framework; name = XCTest.framework; path = Library/Frameworks/XCTest.framework; sourceTree = DEVELOPER_DIR; };
		C4AAD6A3178A73370088288F /* THPlayerController.h */ = {isa = PBXFileReference; fileEncoding = 4; lastKnownFileType = sourcecode.c.h; path = THPlayerController.h; sourceTree = "<group>"; };
		C4AAD6A4178A73370088288F /* THPlayerController.m */ = {isa = PBXFileReference; fileEncoding = 4; lastKnownFileType = sourcecode.c.objc; path = THPlayerController.m; sourceTree = "<group>"; };
		C4AAD6A7178A75210088288F /* bass.caf */ = {isa = PBXFileReference; lastKnownFileType = file; path = bass.caf; sourceTree = "<group>"; };
		C4AAD6A8178A75210088288F /* drums.caf */ = {isa = PBXFileReference; lastKnownFileType = file; path = drums.caf; sourceTree = "<group>"; };
		C4AAD6A9178A75210088288F /* guitar.caf */ = {isa = PBXFileReference; lastKnownFileType = file; path = guitar.caf; sourceTree = "<group>"; };
		C4C03194178B9FFE0024B35A /* THControlKnob.h */ = {isa = PBXFileReference; fileEncoding = 4; lastKnownFileType = sourcecode.c.h; path = THControlKnob.h; sourceTree = "<group>"; };
		C4C03195178B9FFE0024B35A /* THControlKnob.m */ = {isa = PBXFileReference; fileEncoding = 4; lastKnownFileType = sourcecode.c.objc; path = THControlKnob.m; sourceTree = "<group>"; };
		C4C03198178B9FFE0024B35A /* UIColor+THAdditions.h */ = {isa = PBXFileReference; fileEncoding = 4; lastKnownFileType = sourcecode.c.h; path = "UIColor+THAdditions.h"; sourceTree = "<group>"; };
		C4C03199178B9FFE0024B35A /* UIColor+THAdditions.m */ = {isa = PBXFileReference; fileEncoding = 4; lastKnownFileType = sourcecode.c.objc; path = "UIColor+THAdditions.m"; sourceTree = "<group>"; };
		C4C0319E178BA4430024B35A /* THPlayButton.h */ = {isa = PBXFileReference; fileEncoding = 4; lastKnownFileType = sourcecode.c.h; path = THPlayButton.h; sourceTree = "<group>"; };
		C4C0319F178BA4430024B35A /* THPlayButton.m */ = {isa = PBXFileReference; fileEncoding = 4; lastKnownFileType = sourcecode.c.objc; path = THPlayButton.m; sourceTree = "<group>"; };
/* End PBXFileReference section */

/* Begin PBXFrameworksBuildPhase section */
		C4AAD668178A72BC0088288F /* Frameworks */ = {
			isa = PBXFrameworksBuildPhase;
			buildActionMask = 2147483647;
			files = (
				C4AAD671178A72BC0088288F /* CoreGraphics.framework in Frameworks */,
				C4AAD673178A72BC0088288F /* UIKit.framework in Frameworks */,
				C4AAD66F178A72BC0088288F /* Foundation.framework in Frameworks */,
			);
			runOnlyForDeploymentPostprocessing = 0;
		};
/* End PBXFrameworksBuildPhase section */

/* Begin PBXGroup section */
		C4AAD662178A72BC0088288F = {
			isa = PBXGroup;
			children = (
				C4AAD674178A72BC0088288F /* AudioLooper */,
				C4AAD66D178A72BC0088288F /* Frameworks */,
				C4AAD66C178A72BC0088288F /* Products */,
			);
			sourceTree = "<group>";
		};
		C4AAD66C178A72BC0088288F /* Products */ = {
			isa = PBXGroup;
			children = (
				C4AAD66B178A72BC0088288F /* AudioLooper.app */,
			);
			name = Products;
			sourceTree = "<group>";
		};
		C4AAD66D178A72BC0088288F /* Frameworks */ = {
			isa = PBXGroup;
			children = (
				C4AAD66E178A72BC0088288F /* Foundation.framework */,
				C4AAD670178A72BC0088288F /* CoreGraphics.framework */,
				C4AAD672178A72BC0088288F /* UIKit.framework */,
				C4AAD68D178A72BC0088288F /* XCTest.framework */,
			);
			name = Frameworks;
			sourceTree = "<group>";
		};
		C4AAD674178A72BC0088288F /* AudioLooper */ = {
			isa = PBXGroup;
			children = (
				C4AAD67D178A72BC0088288F /* THAppDelegate.h */,
				C4AAD67E178A72BC0088288F /* THAppDelegate.m */,
				C4AAD683178A72BC0088288F /* THMainViewController.h */,
				C4AAD684178A72BC0088288F /* THMainViewController.m */,
				C4AAD6A3178A73370088288F /* THPlayerController.h */,
				C4AAD6A4178A73370088288F /* THPlayerController.m */,
				C4C03193178B9FFE0024B35A /* Views */,
				C4AAD675178A72BC0088288F /* Supporting Files */,
				C4AAD686178A72BC0088288F /* Images.xcassets */,
				C4AAD680178A72BC0088288F /* Main.storyboard */,
			);
			path = AudioLooper;
			sourceTree = "<group>";
		};
		C4AAD675178A72BC0088288F /* Supporting Files */ = {
			isa = PBXGroup;
			children = (
				C4AAD6A6178A75210088288F /* Loops */,
				C4AAD676178A72BC0088288F /* AudioLooper-Info.plist */,
				C4AAD677178A72BC0088288F /* InfoPlist.strings */,
				C4AAD67A178A72BC0088288F /* main.m */,
				C4AAD67C178A72BC0088288F /* AudioLooper-Prefix.pch */,
			);
			name = "Supporting Files";
			sourceTree = "<group>";
		};
		C4AAD6A6178A75210088288F /* Loops */ = {
			isa = PBXGroup;
			children = (
				C4AAD6A7178A75210088288F /* bass.caf */,
				C4AAD6A8178A75210088288F /* drums.caf */,
				C4AAD6A9178A75210088288F /* guitar.caf */,
			);
			path = Loops;
			sourceTree = "<group>";
		};
		C4C03193178B9FFE0024B35A /* Views */ = {
			isa = PBXGroup;
			children = (
				C4C03194178B9FFE0024B35A /* THControlKnob.h */,
				C4C03195178B9FFE0024B35A /* THControlKnob.m */,
				C4319E5D1797A24E00041D0D /* THIndicatorLight.h */,
				C4319E5E1797A24E00041D0D /* THIndicatorLight.m */,
				C4C0319E178BA4430024B35A /* THPlayButton.h */,
				C4C0319F178BA4430024B35A /* THPlayButton.m */,
				C4C03198178B9FFE0024B35A /* UIColor+THAdditions.h */,
				C4C03199178B9FFE0024B35A /* UIColor+THAdditions.m */,
			);
			path = Views;
			sourceTree = "<group>";
		};
/* End PBXGroup section */

/* Begin PBXNativeTarget section */
		C4AAD66A178A72BC0088288F /* AudioLooper */ = {
			isa = PBXNativeTarget;
			buildConfigurationList = C4AAD69D178A72BC0088288F /* Build configuration list for PBXNativeTarget "AudioLooper" */;
			buildPhases = (
				C4AAD667178A72BC0088288F /* Sources */,
				C4AAD668178A72BC0088288F /* Frameworks */,
				C4AAD669178A72BC0088288F /* Resources */,
			);
			buildRules = (
			);
			dependencies = (
			);
			name = AudioLooper;
			productName = AudioLooper;
			productReference = C4AAD66B178A72BC0088288F /* AudioLooper.app */;
			productType = "com.apple.product-type.application";
		};
/* End PBXNativeTarget section */

/* Begin PBXProject section */
		C4AAD663178A72BC0088288F /* Project object */ = {
			isa = PBXProject;
			attributes = {
				CLASSPREFIX = TH;
				LastUpgradeCheck = 0820;
				ORGANIZATIONNAME = "TapHarmonic, LLC";
			};
			buildConfigurationList = C4AAD666178A72BC0088288F /* Build configuration list for PBXProject "AudioLooper" */;
			compatibilityVersion = "Xcode 3.2";
			developmentRegion = English;
			hasScannedForEncodings = 0;
			knownRegions = (
				en,
				Base,
			);
			mainGroup = C4AAD662178A72BC0088288F;
			productRefGroup = C4AAD66C178A72BC0088288F /* Products */;
			projectDirPath = "";
			projectRoot = "";
			targets = (
				C4AAD66A178A72BC0088288F /* AudioLooper */,
			);
		};
/* End PBXProject section */

/* Begin PBXResourcesBuildPhase section */
		C4AAD669178A72BC0088288F /* Resources */ = {
			isa = PBXResourcesBuildPhase;
			buildActionMask = 2147483647;
			files = (
				C4AAD6AC178A75210088288F /* guitar.caf in Resources */,
				C4AAD6AB178A75210088288F /* drums.caf in Resources */,
				C4AAD687178A72BC0088288F /* Images.xcassets in Resources */,
				C4AAD6AA178A75210088288F /* bass.caf in Resources */,
				C4AAD679178A72BC0088288F /* InfoPlist.strings in Resources */,
				C4AAD682178A72BC0088288F /* Main.storyboard in Resources */,
			);
			runOnlyForDeploymentPostprocessing = 0;
		};
/* End PBXResourcesBuildPhase section */

/* Begin PBXSourcesBuildPhase section */
		C4AAD667178A72BC0088288F /* Sources */ = {
			isa = PBXSourcesBuildPhase;
			buildActionMask = 2147483647;
			files = (
				C4C0319A178B9FFE0024B35A /* THControlKnob.m in Sources */,
				C4AAD6A5178A73370088288F /* THPlayerController.m in Sources */,
				C4C0319C178B9FFE0024B35A /* UIColor+THAdditions.m in Sources */,
				C4AAD685178A72BC0088288F /* THMainViewController.m in Sources */,
				C4AAD67F178A72BC0088288F /* THAppDelegate.m in Sources */,
				C4AAD67B178A72BC0088288F /* main.m in Sources */,
				C4319E5F1797A24E00041D0D /* THIndicatorLight.m in Sources */,
				C4C031A0178BA4430024B35A /* THPlayButton.m in Sources */,
			);
			runOnlyForDeploymentPostprocessing = 0;
		};
/* End PBXSourcesBuildPhase section */

/* Begin PBXVariantGroup section */
		C4AAD677178A72BC0088288F /* InfoPlist.strings */ = {
			isa = PBXVariantGroup;
			children = (
				C4AAD678178A72BC0088288F /* en */,
			);
			name = InfoPlist.strings;
			sourceTree = "<group>";
		};
		C4AAD680178A72BC0088288F /* Main.storyboard */ = {
			isa = PBXVariantGroup;
			children = (
				C4AAD681178A72BC0088288F /* Base */,
			);
			name = Main.storyboard;
			sourceTree = "<group>";
		};
/* End PBXVariantGroup section */

/* Begin XCBuildConfiguration section */
		C4AAD69B178A72BC0088288F /* Debug */ = {
			isa = XCBuildConfiguration;
			buildSettings = {
				ALWAYS_SEARCH_USER_PATHS = NO;
				CLANG_CXX_LANGUAGE_STANDARD = "gnu++0x";
				CLANG_CXX_LIBRARY = "libc++";
				CLANG_ENABLE_MODULES = YES;
				CLANG_ENABLE_OBJC_ARC = YES;
				CLANG_WARN_BOOL_CONVERSION = YES;
				CLANG_WARN_CONSTANT_CONVERSION = YES;
				CLANG_WARN_DIRECT_OBJC_ISA_USAGE = YES_ERROR;
				CLANG_WARN_EMPTY_BODY = YES;
				CLANG_WARN_ENUM_CONVERSION = YES;
				CLANG_WARN_INFINITE_RECURSION = YES;
				CLANG_WARN_INT_CONVERSION = YES;
				CLANG_WARN_OBJC_ROOT_CLASS = YES_ERROR;
				CLANG_WARN_SUSPICIOUS_MOVE = YES;
				CLANG_WARN_UNREACHABLE_CODE = YES;
				CLANG_WARN__DUPLICATE_METHOD_MATCH = YES;
				"CODE_SIGN_IDENTITY[sdk=iphoneos*]" = "iPhone Developer";
				COPY_PHASE_STRIP = NO;
				ENABLE_STRICT_OBJC_MSGSEND = YES;
				ENABLE_TESTABILITY = YES;
				GCC_C_LANGUAGE_STANDARD = gnu99;
				GCC_DYNAMIC_NO_PIC = NO;
				GCC_NO_COMMON_BLOCKS = YES;
				GCC_OPTIMIZATION_LEVEL = 0;
				GCC_PREPROCESSOR_DEFINITIONS = (
					"DEBUG=1",
					"$(inherited)",
				);
				GCC_SYMBOLS_PRIVATE_EXTERN = NO;
				GCC_WARN_64_TO_32_BIT_CONVERSION = YES;
				GCC_WARN_ABOUT_RETURN_TYPE = YES_ERROR;
				GCC_WARN_UNDECLARED_SELECTOR = YES;
				GCC_WARN_UNINITIALIZED_AUTOS = YES;
				GCC_WARN_UNUSED_FUNCTION = YES;
				GCC_WARN_UNUSED_VARIABLE = YES;
				IPHONEOS_DEPLOYMENT_TARGET = 8.0;
				ONLY_ACTIVE_ARCH = YES;
				SDKROOT = iphoneos;
			};
			name = Debug;
		};
		C4AAD69C178A72BC0088288F /* Release */ = {
			isa = XCBuildConfiguration;
			buildSettings = {
				ALWAYS_SEARCH_USER_PATHS = NO;
				CLANG_CXX_LANGUAGE_STANDARD = "gnu++0x";
				CLANG_CXX_LIBRARY = "libc++";
				CLANG_ENABLE_MODULES = YES;
				CLANG_ENABLE_OBJC_ARC = YES;
				CLANG_WARN_BOOL_CONVERSION = YES;
				CLANG_WARN_CONSTANT_CONVERSION = YES;
				CLANG_WARN_DIRECT_OBJC_ISA_USAGE = YES_ERROR;
				CLANG_WARN_EMPTY_BODY = YES;
				CLANG_WARN_ENUM_CONVERSION = YES;
				CLANG_WARN_INFINITE_RECURSION = YES;
				CLANG_WARN_INT_CONVERSION = YES;
				CLANG_WARN_OBJC_ROOT_CLASS = YES_ERROR;
				CLANG_WARN_SUSPICIOUS_MOVE = YES;
				CLANG_WARN_UNREACHABLE_CODE = YES;
				CLANG_WARN__DUPLICATE_METHOD_MATCH = YES;
				"CODE_SIGN_IDENTITY[sdk=iphoneos*]" = "iPhone Developer";
				COPY_PHASE_STRIP = YES;
				ENABLE_NS_ASSERTIONS = NO;
				ENABLE_STRICT_OBJC_MSGSEND = YES;
				GCC_C_LANGUAGE_STANDARD = gnu99;
				GCC_NO_COMMON_BLOCKS = YES;
				GCC_WARN_64_TO_32_BIT_CONVERSION = YES;
				GCC_WARN_ABOUT_RETURN_TYPE = YES_ERROR;
				GCC_WARN_UNDECLARED_SELECTOR = YES;
				GCC_WARN_UNINITIALIZED_AUTOS = YES;
				GCC_WARN_UNUSED_FUNCTION = YES;
				GCC_WARN_UNUSED_VARIABLE = YES;
				IPHONEOS_DEPLOYMENT_TARGET = 8.0;
				SDKROOT = iphoneos;
				VALIDATE_PRODUCT = YES;
			};
			name = Release;
		};
		C4AAD69E178A72BC0088288F /* Debug */ = {
			isa = XCBuildConfiguration;
			buildSettings = {
				ASSETCATALOG_COMPILER_APPICON_NAME = AppIcon;
				ASSETCATALOG_COMPILER_LAUNCHIMAGE_NAME = LaunchImage;
				CODE_SIGN_IDENTITY = "iPhone Developer";
				GCC_PRECOMPILE_PREFIX_HEADER = YES;
				GCC_PREFIX_HEADER = "AudioLooper/AudioLooper-Prefix.pch";
				INFOPLIST_FILE = "AudioLooper/AudioLooper-Info.plist";
				PRODUCT_BUNDLE_IDENTIFIER = "com.tapharmonic.${PRODUCT_NAME:rfc1034identifier}";
				PRODUCT_NAME = "$(TARGET_NAME)";
				WRAPPER_EXTENSION = app;
			};
			name = Debug;
		};
		C4AAD69F178A72BC0088288F /* Release */ = {
			isa = XCBuildConfiguration;
			buildSettings = {
				ASSETCATALOG_COMPILER_APPICON_NAME = AppIcon;
				ASSETCATALOG_COMPILER_LAUNCHIMAGE_NAME = LaunchImage;
				CODE_SIGN_IDENTITY = "iPhone Developer";
				GCC_PRECOMPILE_PREFIX_HEADER = YES;
				GCC_PREFIX_HEADER = "AudioLooper/AudioLooper-Prefix.pch";
				INFOPLIST_FILE = "AudioLooper/AudioLooper-Info.plist";
				PRODUCT_BUNDLE_IDENTIFIER = "com.tapharmonic.${PRODUCT_NAME:rfc1034identifier}";
				PRODUCT_NAME = "$(TARGET_NAME)";
				WRAPPER_EXTENSION = app;
			};
			name = Release;
		};
/* End XCBuildConfiguration section */

/* Begin XCConfigurationList section */
		C4AAD666178A72BC0088288F /* Build configuration list for PBXProject "AudioLooper" */ = {
			isa = XCConfigurationList;
			buildConfigurations = (
				C4AAD69B178A72BC0088288F /* Debug */,
				C4AAD69C178A72BC0088288F /* Release */,
			);
			defaultConfigurationIsVisible = 0;
			defaultConfigurationName = Release;
		};
		C4AAD69D178A72BC0088288F /* Build configuration list for PBXNativeTarget "AudioLooper" */ = {
			isa = XCConfigurationList;
			buildConfigurations = (
				C4AAD69E178A72BC0088288F /* Debug */,
				C4AAD69F178A72BC0088288F /* Release */,
			);
			defaultConfigurationIsVisible = 0;
			defaultConfigurationName = Release;
		};
/* End XCConfigurationList section */
	};
	rootObject = C4AAD663178A72BC0088288F /* Project object */;
}
